version: 1
generatedFrom: workspace.yaml
repos:
- name: platform-communications
  url: https://git.example.com/acme/platform-communications.git
  localDirectory: platforms/communications
  pin:
    commit: 714635868b0048af719450b9dd333f245cf541df
  resolvedCommit: 714635868b0048af719450b9dd333f245cf541df
  sliceHash: c7461bb4d7a9162ac6d5ad3ccf4f8a141bfde2ac9fa686ba09f603ae630e5756
  files:
    platforms/communications/components/customer-notification-service.yaml: 9047752c2226f5a11a6aeaa1988628e9d6aed6f1a2ce015e34b019d6e8c1a599
    platforms/communications/governance/requirements.yaml: 7481ac4c3b661dec1794d07f971392dab64331e6e12845b9b5cf9a1e588c63bd
    platforms/communications/reality/components/customer-notification-service.md: b7b91d7053878610f172e2ed9344ddc3d4d28297b8235bac3e063076227e36ec
    platforms/communications/skills/creating-prd.SKILL.md: f3582f500fce46e23f7eb3db89ff5389f93a5759c32951b094f31b29af313fd8
